
Microsoft Visual Studio Solution File, Format Version 12.00
# Visual Studio Version 17
VisualStudioVersion = 17.3.32901.215
MinimumVisualStudioVersion = 10.0.40219.1
Project("{FAE04EC0-301F-11D3-BF4B-00C04F79EFBC}") = "BassTabberV2", "BassTabberV2\BassTabberV2.csproj", "{6652C50A-D376-4CA1-9147-B90C01804128}"
EndProject
Global
	GlobalSection(SolutionConfigurationPlatforms) = preSolution
		Debug|Any CPU = Debug|Any CPU
		Release|Any CPU = Release|Any CPU
	EndGlobalSection
	GlobalSection(ProjectConfigurationPlatforms) = postSolution
		{6652C50A-D376-4CA1-9147-B90C01804128}.Debug|Any CPU.ActiveCfg = Debug|Any CPU
		{6652C50A-D376-4CA1-9147-B90C01804128}.Debug|Any CPU.Build.0 = Debug|Any CPU
		{6652C50A-D376-4CA1-9147-B90C01804128}.Release|Any CPU.ActiveCfg = Release|Any CPU
		{6652C50A-D376-4CA1-9147-B90C01804128}.Release|Any CPU.Build.0 = Release|Any CPU
	EndGlobalSection
	GlobalSection(SolutionProperties) = preSolution
		HideSolutionNode = FALSE
	EndGlobalSection
	GlobalSection(ExtensibilityGlobals) = postSolution
		SolutionGuid = {669A428A-B9B0-43A4-9BBB-82BB0C03BF2B}
	EndGlobalSection
EndGlobal
